// !$*UTF8*$!
{
	archiveVersion = 1;
	classes = {
	};
	objectVersion = 56;
	objects = {

/* Begin PBXBuildFile section */
		D79006BA2B28E4DE007D0263 /* MustacheShotsApp.swift in Sources */ = {isa = PBXBuildFile; fileRef = D79006B92B28E4DE007D0263 /* MustacheShotsApp.swift */; };
		D79006BE2B28E4E0007D0263 /* Assets.xcassets in Resources */ = {isa = PBXBuildFile; fileRef = D79006BD2B28E4E0007D0263 /* Assets.xcassets */; };
		D79006C12B28E4E0007D0263 /* Preview Assets.xcassets in Resources */ = {isa = PBXBuildFile; fileRef = D79006C02B28E4E0007D0263 /* Preview Assets.xcassets */; };
		D79006C32B28E4E0007D0263 /* Persistence.swift in Sources */ = {isa = PBXBuildFile; fileRef = D79006C22B28E4E0007D0263 /* Persistence.swift */; };
		D79006C62B28E4E0007D0263 /* MustacheShots.xcdatamodeld in Sources */ = {isa = PBXBuildFile; fileRef = D79006C42B28E4E0007D0263 /* MustacheShots.xcdatamodeld */; };
		D79006CE2B28ECAC007D0263 /* .swiftlint.yml in Resources */ = {isa = PBXBuildFile; fileRef = D79006CD2B28ECAC007D0263 /* .swiftlint.yml */; };
		D79006D42B28EDF3007D0263 /* Color+Extensions.swift in Sources */ = {isa = PBXBuildFile; fileRef = D79006D32B28EDF3007D0263 /* Color+Extensions.swift */; };
		D79006D62B28EFA1007D0263 /* RecordingsListScreen.swift in Sources */ = {isa = PBXBuildFile; fileRef = D79006D52B28EFA1007D0263 /* RecordingsListScreen.swift */; };
		D79006D82B28F994007D0263 /* RecordingsListViewModel.swift in Sources */ = {isa = PBXBuildFile; fileRef = D79006D72B28F994007D0263 /* RecordingsListViewModel.swift */; };
		D79006DA2B290035007D0263 /* VideoScreen.swift in Sources */ = {isa = PBXBuildFile; fileRef = D79006D92B290035007D0263 /* VideoScreen.swift */; };
		D79006DC2B290061007D0263 /* VideoScreenViewModel.swift in Sources */ = {isa = PBXBuildFile; fileRef = D79006DB2B290061007D0263 /* VideoScreenViewModel.swift */; };
		D79006E32B2A3F48007D0263 /* Mustache1.rcproject in Sources */ = {isa = PBXBuildFile; fileRef = D79006E22B2A3F48007D0263 /* Mustache1.rcproject */; };
		D79006E72B2A47BF007D0263 /* Mustache2.rcproject in Sources */ = {isa = PBXBuildFile; fileRef = D79006E62B2A47BF007D0263 /* Mustache2.rcproject */; };
		D79006F62B2B8B38007D0263 /* MustacheTypes.swift in Sources */ = {isa = PBXBuildFile; fileRef = D79006F52B2B8B38007D0263 /* MustacheTypes.swift */; };
		D79006F82B2B8B66007D0263 /* View+Extensions.swift in Sources */ = {isa = PBXBuildFile; fileRef = D79006F72B2B8B66007D0263 /* View+Extensions.swift */; };
		D79006FA2B2B8C61007D0263 /* ARViewController.swift in Sources */ = {isa = PBXBuildFile; fileRef = D79006F92B2B8C61007D0263 /* ARViewController.swift */; };
		D7F8524F2B2EF54100DE10B6 /* ShotData.swift in Sources */ = {isa = PBXBuildFile; fileRef = D7F8524E2B2EF54100DE10B6 /* ShotData.swift */; };
		D7F852512B2EF5AD00DE10B6 /* ShotsList.swift in Sources */ = {isa = PBXBuildFile; fileRef = D7F852502B2EF5AD00DE10B6 /* ShotsList.swift */; };
		D7F852592B2EFA7400DE10B6 /* Shot+CoreDataClass.swift in Sources */ = {isa = PBXBuildFile; fileRef = D7F852572B2EFA7400DE10B6 /* Shot+CoreDataClass.swift */; };
		D7F8525A2B2EFA7400DE10B6 /* Shot+CoreDataProperties.swift in Sources */ = {isa = PBXBuildFile; fileRef = D7F852582B2EFA7400DE10B6 /* Shot+CoreDataProperties.swift */; };
		D7F8525C2B2F004600DE10B6 /* FetchedObjects.swift in Sources */ = {isa = PBXBuildFile; fileRef = D7F8525B2B2F004600DE10B6 /* FetchedObjects.swift */; };
/* End PBXBuildFile section */

/* Begin PBXFileReference section */
		D79006B62B28E4DE007D0263 /* MustacheShots.app */ = {isa = PBXFileReference; explicitFileType = wrapper.application; includeInIndex = 0; path = MustacheShots.app; sourceTree = BUILT_PRODUCTS_DIR; };
		D79006B92B28E4DE007D0263 /* MustacheShotsApp.swift */ = {isa = PBXFileReference; lastKnownFileType = sourcecode.swift; path = MustacheShotsApp.swift; sourceTree = "<group>"; };
		D79006BD2B28E4E0007D0263 /* Assets.xcassets */ = {isa = PBXFileReference; lastKnownFileType = folder.assetcatalog; path = Assets.xcassets; sourceTree = "<group>"; };
		D79006C02B28E4E0007D0263 /* Preview Assets.xcassets */ = {isa = PBXFileReference; lastKnownFileType = folder.assetcatalog; path = "Preview Assets.xcassets"; sourceTree = "<group>"; };
		D79006C22B28E4E0007D0263 /* Persistence.swift */ = {isa = PBXFileReference; lastKnownFileType = sourcecode.swift; path = Persistence.swift; sourceTree = "<group>"; };
		D79006C52B28E4E0007D0263 /* MustacheShots.xcdatamodel */ = {isa = PBXFileReference; lastKnownFileType = wrapper.xcdatamodel; path = MustacheShots.xcdatamodel; sourceTree = "<group>"; };
		D79006CD2B28ECAC007D0263 /* .swiftlint.yml */ = {isa = PBXFileReference; lastKnownFileType = text.yaml; path = .swiftlint.yml; sourceTree = "<group>"; };
		D79006D32B28EDF3007D0263 /* Color+Extensions.swift */ = {isa = PBXFileReference; lastKnownFileType = sourcecode.swift; path = "Color+Extensions.swift"; sourceTree = "<group>"; };
		D79006D52B28EFA1007D0263 /* RecordingsListScreen.swift */ = {isa = PBXFileReference; lastKnownFileType = sourcecode.swift; path = RecordingsListScreen.swift; sourceTree = "<group>"; };
		D79006D72B28F994007D0263 /* RecordingsListViewModel.swift */ = {isa = PBXFileReference; lastKnownFileType = sourcecode.swift; path = RecordingsListViewModel.swift; sourceTree = "<group>"; };
		D79006D92B290035007D0263 /* VideoScreen.swift */ = {isa = PBXFileReference; lastKnownFileType = sourcecode.swift; path = VideoScreen.swift; sourceTree = "<group>"; };
		D79006DB2B290061007D0263 /* VideoScreenViewModel.swift */ = {isa = PBXFileReference; lastKnownFileType = sourcecode.swift; path = VideoScreenViewModel.swift; sourceTree = "<group>"; };
		D79006E22B2A3F48007D0263 /* Mustache1.rcproject */ = {isa = PBXFileReference; lastKnownFileType = file.rcproject; path = Mustache1.rcproject; sourceTree = "<group>"; };
		D79006E62B2A47BF007D0263 /* Mustache2.rcproject */ = {isa = PBXFileReference; lastKnownFileType = file.rcproject; path = Mustache2.rcproject; sourceTree = "<group>"; };
		D79006EA2B2B05EC007D0263 /* Info.plist */ = {isa = PBXFileReference; lastKnownFileType = text.plist; path = Info.plist; sourceTree = "<group>"; };
		D79006F52B2B8B38007D0263 /* MustacheTypes.swift */ = {isa = PBXFileReference; lastKnownFileType = sourcecode.swift; path = MustacheTypes.swift; sourceTree = "<group>"; };
		D79006F72B2B8B66007D0263 /* View+Extensions.swift */ = {isa = PBXFileReference; lastKnownFileType = sourcecode.swift; path = "View+Extensions.swift"; sourceTree = "<group>"; };
		D79006F92B2B8C61007D0263 /* ARViewController.swift */ = {isa = PBXFileReference; lastKnownFileType = sourcecode.swift; path = ARViewController.swift; sourceTree = "<group>"; };
		D7F8524E2B2EF54100DE10B6 /* ShotData.swift */ = {isa = PBXFileReference; lastKnownFileType = sourcecode.swift; path = ShotData.swift; sourceTree = "<group>"; };
		D7F852502B2EF5AD00DE10B6 /* ShotsList.swift */ = {isa = PBXFileReference; lastKnownFileType = sourcecode.swift; path = ShotsList.swift; sourceTree = "<group>"; };
		D7F852572B2EFA7400DE10B6 /* Shot+CoreDataClass.swift */ = {isa = PBXFileReference; lastKnownFileType = sourcecode.swift; path = "Shot+CoreDataClass.swift"; sourceTree = "<group>"; };
		D7F852582B2EFA7400DE10B6 /* Shot+CoreDataProperties.swift */ = {isa = PBXFileReference; lastKnownFileType = sourcecode.swift; path = "Shot+CoreDataProperties.swift"; sourceTree = "<group>"; };
		D7F8525B2B2F004600DE10B6 /* FetchedObjects.swift */ = {isa = PBXFileReference; lastKnownFileType = sourcecode.swift; path = FetchedObjects.swift; sourceTree = "<group>"; };
/* End PBXFileReference section */

/* Begin PBXFrameworksBuildPhase section */
		D79006B32B28E4DE007D0263 /* Frameworks */ = {
			isa = PBXFrameworksBuildPhase;
			buildActionMask = 2147483647;
			files = (
			);
			runOnlyForDeploymentPostprocessing = 0;
		};
/* End PBXFrameworksBuildPhase section */

/* Begin PBXGroup section */
		D79006AD2B28E4DE007D0263 = {
			isa = PBXGroup;
			children = (
				D79006CD2B28ECAC007D0263 /* .swiftlint.yml */,
				D79006B82B28E4DE007D0263 /* MustacheShots */,
				D79006B72B28E4DE007D0263 /* Products */,
			);
			sourceTree = "<group>";
		};
		D79006B72B28E4DE007D0263 /* Products */ = {
			isa = PBXGroup;
			children = (
				D79006B62B28E4DE007D0263 /* MustacheShots.app */,
			);
			name = Products;
			sourceTree = "<group>";
		};
		D79006B82B28E4DE007D0263 /* MustacheShots */ = {
			isa = PBXGroup;
			children = (
				D79006EA2B2B05EC007D0263 /* Info.plist */,
				D7F8524D2B2EF51800DE10B6 /* Model */,
				D79006D22B28EDE1007D0263 /* Helpers */,
				D79006D12B28EDBE007D0263 /* CoreDataUtils */,
				D79006FB2B2B9415007D0263 /* RealityKitObjects */,
				D79006FE2B2B94B8007D0263 /* ARView */,
				D79006FC2B2B9456007D0263 /* RecordingList */,
				D79006FD2B2B9478007D0263 /* VideoScreen */,
				D79006D02B28ED91007D0263 /* App */,
				D79006BD2B28E4E0007D0263 /* Assets.xcassets */,
				D79006BF2B28E4E0007D0263 /* Preview Content */,
			);
			path = MustacheShots;
			sourceTree = "<group>";
		};
		D79006BF2B28E4E0007D0263 /* Preview Content */ = {
			isa = PBXGroup;
			children = (
				D79006C02B28E4E0007D0263 /* Preview Assets.xcassets */,
			);
			path = "Preview Content";
			sourceTree = "<group>";
		};
		D79006D02B28ED91007D0263 /* App */ = {
			isa = PBXGroup;
			children = (
				D79006B92B28E4DE007D0263 /* MustacheShotsApp.swift */,
			);
			path = App;
			sourceTree = "<group>";
		};
		D79006D12B28EDBE007D0263 /* CoreDataUtils */ = {
			isa = PBXGroup;
			children = (
				D79006C42B28E4E0007D0263 /* MustacheShots.xcdatamodeld */,
				D79006C22B28E4E0007D0263 /* Persistence.swift */,
				D7F852572B2EFA7400DE10B6 /* Shot+CoreDataClass.swift */,
				D7F852582B2EFA7400DE10B6 /* Shot+CoreDataProperties.swift */,
			);
			path = CoreDataUtils;
			sourceTree = "<group>";
		};
		D79006D22B28EDE1007D0263 /* Helpers */ = {
			isa = PBXGroup;
			children = (
				D79006D32B28EDF3007D0263 /* Color+Extensions.swift */,
				D79006F72B2B8B66007D0263 /* View+Extensions.swift */,
				D79006F52B2B8B38007D0263 /* MustacheTypes.swift */,
				D7F8525B2B2F004600DE10B6 /* FetchedObjects.swift */,
			);
			path = Helpers;
			sourceTree = "<group>";
		};
		D79006FB2B2B9415007D0263 /* RealityKitObjects */ = {
			isa = PBXGroup;
			children = (
				D79006E62B2A47BF007D0263 /* Mustache2.rcproject */,
				D79006E22B2A3F48007D0263 /* Mustache1.rcproject */,
			);
			path = RealityKitObjects;
			sourceTree = "<group>";
		};
		D79006FC2B2B9456007D0263 /* RecordingList */ = {
			isa = PBXGroup;
			children = (
				D79006D72B28F994007D0263 /* RecordingsListViewModel.swift */,
				D79006D52B28EFA1007D0263 /* RecordingsListScreen.swift */,
			);
			path = RecordingList;
			sourceTree = "<group>";
		};
		D79006FD2B2B9478007D0263 /* VideoScreen */ = {
			isa = PBXGroup;
			children = (
				D79006D92B290035007D0263 /* VideoScreen.swift */,
				D79006DB2B290061007D0263 /* VideoScreenViewModel.swift */,
			);
			path = VideoScreen;
			sourceTree = "<group>";
		};
		D79006FE2B2B94B8007D0263 /* ARView */ = {
			isa = PBXGroup;
			children = (
				D79006F92B2B8C61007D0263 /* ARViewController.swift */,
			);
			path = ARView;
			sourceTree = "<group>";
		};
		D7F8524D2B2EF51800DE10B6 /* Model */ = {
			isa = PBXGroup;
			children = (
				D7F8524E2B2EF54100DE10B6 /* ShotData.swift */,
				D7F852502B2EF5AD00DE10B6 /* ShotsList.swift */,
			);
			path = Model;
			sourceTree = "<group>";
		};
/* End PBXGroup section */

/* Begin PBXNativeTarget section */
		D79006B52B28E4DE007D0263 /* MustacheShots */ = {
			isa = PBXNativeTarget;
			buildConfigurationList = D79006C92B28E4E0007D0263 /* Build configuration list for PBXNativeTarget "MustacheShots" */;
			buildPhases = (
				D79006B22B28E4DE007D0263 /* Sources */,
				D79006B32B28E4DE007D0263 /* Frameworks */,
				D79006B42B28E4DE007D0263 /* Resources */,
				D79006CF2B28ECEC007D0263 /* ShellScript */,
			);
			buildRules = (
			);
			dependencies = (
			);
			name = MustacheShots;
			productName = MustacheShots;
			productReference = D79006B62B28E4DE007D0263 /* MustacheShots.app */;
			productType = "com.apple.product-type.application";
		};
/* End PBXNativeTarget section */

/* Begin PBXProject section */
		D79006AE2B28E4DE007D0263 /* Project object */ = {
			isa = PBXProject;
			attributes = {
				BuildIndependentTargetsInParallel = 1;
				LastSwiftUpdateCheck = 1420;
				LastUpgradeCheck = 1420;
				TargetAttributes = {
					D79006B52B28E4DE007D0263 = {
						CreatedOnToolsVersion = 14.2;
					};
				};
			};
			buildConfigurationList = D79006B12B28E4DE007D0263 /* Build configuration list for PBXProject "MustacheShots" */;
			compatibilityVersion = "Xcode 14.0";
			developmentRegion = en;
			hasScannedForEncodings = 0;
			knownRegions = (
				en,
				Base,
			);
			mainGroup = D79006AD2B28E4DE007D0263;
			packageReferences = (
				D79006CC2B28EAB8007D0263 /* XCRemoteSwiftPackageReference "SwiftLint" */,
			);
			productRefGroup = D79006B72B28E4DE007D0263 /* Products */;
			projectDirPath = "";
			projectRoot = "";
			targets = (
				D79006B52B28E4DE007D0263 /* MustacheShots */,
			);
		};
/* End PBXProject section */

/* Begin PBXResourcesBuildPhase section */
		D79006B42B28E4DE007D0263 /* Resources */ = {
			isa = PBXResourcesBuildPhase;
			buildActionMask = 2147483647;
			files = (
				D79006CE2B28ECAC007D0263 /* .swiftlint.yml in Resources */,
				D79006C12B28E4E0007D0263 /* Preview Assets.xcassets in Resources */,
				D79006BE2B28E4E0007D0263 /* Assets.xcassets in Resources */,
			);
			runOnlyForDeploymentPostprocessing = 0;
		};
/* End PBXResourcesBuildPhase section */

/* Begin PBXShellScriptBuildPhase section */
		D79006CF2B28ECEC007D0263 /* ShellScript */ = {
			isa = PBXShellScriptBuildPhase;
			alwaysOutOfDate = 1;
			buildActionMask = 2147483647;
			files = (
			);
			inputFileListPaths = (
			);
			inputPaths = (
			);
			outputFileListPaths = (
			);
			outputPaths = (
			);
			runOnlyForDeploymentPostprocessing = 0;
			shellPath = /bin/sh;
			shellScript = "# Type a script or drag a script file from your workspace to insert its path.\n\nif which swiftlint >/dev/null; then\n    swiftlint\nelse\n    echo \"warning: SwiftLint not installed, download from https://github.com/realm/SwiftLint\"\nfi\n";
		};
/* End PBXShellScriptBuildPhase section */

/* Begin PBXSourcesBuildPhase section */
		D79006B22B28E4DE007D0263 /* Sources */ = {
			isa = PBXSourcesBuildPhase;
			buildActionMask = 2147483647;
			files = (
				D79006C32B28E4E0007D0263 /* Persistence.swift in Sources */,
				D79006E32B2A3F48007D0263 /* Mustache1.rcproject in Sources */,
				D79006DC2B290061007D0263 /* VideoScreenViewModel.swift in Sources */,
				D7F852512B2EF5AD00DE10B6 /* ShotsList.swift in Sources */,
				D7F8524F2B2EF54100DE10B6 /* ShotData.swift in Sources */,
				D7F852592B2EFA7400DE10B6 /* Shot+CoreDataClass.swift in Sources */,
				D79006D42B28EDF3007D0263 /* Color+Extensions.swift in Sources */,
				D79006F62B2B8B38007D0263 /* MustacheTypes.swift in Sources */,
				D7F8525C2B2F004600DE10B6 /* FetchedObjects.swift in Sources */,
				D79006C62B28E4E0007D0263 /* MustacheShots.xcdatamodeld in Sources */,
				D79006D82B28F994007D0263 /* RecordingsListViewModel.swift in Sources */,
				D79006D62B28EFA1007D0263 /* RecordingsListScreen.swift in Sources */,
				D79006FA2B2B8C61007D0263 /* ARViewController.swift in Sources */,
				D79006F82B2B8B66007D0263 /* View+Extensions.swift in Sources */,
				D79006DA2B290035007D0263 /* VideoScreen.swift in Sources */,
				D79006E72B2A47BF007D0263 /* Mustache2.rcproject in Sources */,
				D79006BA2B28E4DE007D0263 /* MustacheShotsApp.swift in Sources */,
				D7F8525A2B2EFA7400DE10B6 /* Shot+CoreDataProperties.swift in Sources */,
			);
			runOnlyForDeploymentPostprocessing = 0;
		};
/* End PBXSourcesBuildPhase section */

/* Begin XCBuildConfiguration section */
		D79006C72B28E4E0007D0263 /* Debug */ = {
			isa = XCBuildConfiguration;
			buildSettings = {
				ALWAYS_SEARCH_USER_PATHS = NO;
				CLANG_ANALYZER_NONNULL = YES;
				CLANG_ANALYZER_NUMBER_OBJECT_CONVERSION = YES_AGGRESSIVE;
				CLANG_CXX_LANGUAGE_STANDARD = "gnu++20";
				CLANG_ENABLE_MODULES = YES;
				CLANG_ENABLE_OBJC_ARC = YES;
				CLANG_ENABLE_OBJC_WEAK = YES;
				CLANG_WARN_BLOCK_CAPTURE_AUTORELEASING = YES;
				CLANG_WARN_BOOL_CONVERSION = YES;
				CLANG_WARN_COMMA = YES;
				CLANG_WARN_CONSTANT_CONVERSION = YES;
				CLANG_WARN_DEPRECATED_OBJC_IMPLEMENTATIONS = YES;
				CLANG_WARN_DIRECT_OBJC_ISA_USAGE = YES_ERROR;
				CLANG_WARN_DOCUMENTATION_COMMENTS = YES;
				CLANG_WARN_EMPTY_BODY = YES;
				CLANG_WARN_ENUM_CONVERSION = YES;
				CLANG_WARN_INFINITE_RECURSION = YES;
				CLANG_WARN_INT_CONVERSION = YES;
				CLANG_WARN_NON_LITERAL_NULL_CONVERSION = YES;
				CLANG_WARN_OBJC_IMPLICIT_RETAIN_SELF = YES;
				CLANG_WARN_OBJC_LITERAL_CONVERSION = YES;
				CLANG_WARN_OBJC_ROOT_CLASS = YES_ERROR;
				CLANG_WARN_QUOTED_INCLUDE_IN_FRAMEWORK_HEADER = YES;
				CLANG_WARN_RANGE_LOOP_ANALYSIS = YES;
				CLANG_WARN_STRICT_PROTOTYPES = YES;
				CLANG_WARN_SUSPICIOUS_MOVE = YES;
				CLANG_WARN_UNGUARDED_AVAILABILITY = YES_AGGRESSIVE;
				CLANG_WARN_UNREACHABLE_CODE = YES;
				CLANG_WARN__DUPLICATE_METHOD_MATCH = YES;
				COPY_PHASE_STRIP = NO;
				DEBUG_INFORMATION_FORMAT = dwarf;
				ENABLE_STRICT_OBJC_MSGSEND = YES;
				ENABLE_TESTABILITY = YES;
				GCC_C_LANGUAGE_STANDARD = gnu11;
				GCC_DYNAMIC_NO_PIC = NO;
				GCC_NO_COMMON_BLOCKS = YES;
				GCC_OPTIMIZATION_LEVEL = 0;
				GCC_PREPROCESSOR_DEFINITIONS = (
					"DEBUG=1",
					"$(inherited)",
				);
				GCC_WARN_64_TO_32_BIT_CONVERSION = YES;
				GCC_WARN_ABOUT_RETURN_TYPE = YES_ERROR;
				GCC_WARN_UNDECLARED_SELECTOR = YES;
				GCC_WARN_UNINITIALIZED_AUTOS = YES_AGGRESSIVE;
				GCC_WARN_UNUSED_FUNCTION = YES;
				GCC_WARN_UNUSED_VARIABLE = YES;
				IPHONEOS_DEPLOYMENT_TARGET = 16.2;
				MTL_ENABLE_DEBUG_INFO = INCLUDE_SOURCE;
				MTL_FAST_MATH = YES;
				ONLY_ACTIVE_ARCH = YES;
				SDKROOT = iphoneos;
				SWIFT_ACTIVE_COMPILATION_CONDITIONS = DEBUG;
				SWIFT_OPTIMIZATION_LEVEL = "-Onone";
			};
			name = Debug;
		};
		D79006C82B28E4E0007D0263 /* Release */ = {
			isa = XCBuildConfiguration;
			buildSettings = {
				ALWAYS_SEARCH_USER_PATHS = NO;
				CLANG_ANALYZER_NONNULL = YES;
				CLANG_ANALYZER_NUMBER_OBJECT_CONVERSION = YES_AGGRESSIVE;
				CLANG_CXX_LANGUAGE_STANDARD = "gnu++20";
				CLANG_ENABLE_MODULES = YES;
				CLANG_ENABLE_OBJC_ARC = YES;
				CLANG_ENABLE_OBJC_WEAK = YES;
				CLANG_WARN_BLOCK_CAPTURE_AUTORELEASING = YES;
				CLANG_WARN_BOOL_CONVERSION = YES;
				CLANG_WARN_COMMA = YES;
				CLANG_WARN_CONSTANT_CONVERSION = YES;
				CLANG_WARN_DEPRECATED_OBJC_IMPLEMENTATIONS = YES;
				CLANG_WARN_DIRECT_OBJC_ISA_USAGE = YES_ERROR;
				CLANG_WARN_DOCUMENTATION_COMMENTS = YES;
				CLANG_WARN_EMPTY_BODY = YES;
				CLANG_WARN_ENUM_CONVERSION = YES;
				CLANG_WARN_INFINITE_RECURSION = YES;
				CLANG_WARN_INT_CONVERSION = YES;
				CLANG_WARN_NON_LITERAL_NULL_CONVERSION = YES;
				CLANG_WARN_OBJC_IMPLICIT_RETAIN_SELF = YES;
				CLANG_WARN_OBJC_LITERAL_CONVERSION = YES;
				CLANG_WARN_OBJC_ROOT_CLASS = YES_ERROR;
				CLANG_WARN_QUOTED_INCLUDE_IN_FRAMEWORK_HEADER = YES;
				CLANG_WARN_RANGE_LOOP_ANALYSIS = YES;
				CLANG_WARN_STRICT_PROTOTYPES = YES;
				CLANG_WARN_SUSPICIOUS_MOVE = YES;
				CLANG_WARN_UNGUARDED_AVAILABILITY = YES_AGGRESSIVE;
				CLANG_WARN_UNREACHABLE_CODE = YES;
				CLANG_WARN__DUPLICATE_METHOD_MATCH = YES;
				COPY_PHASE_STRIP = NO;
				DEBUG_INFORMATION_FORMAT = "dwarf-with-dsym";
				ENABLE_NS_ASSERTIONS = NO;
				ENABLE_STRICT_OBJC_MSGSEND = YES;
				GCC_C_LANGUAGE_STANDARD = gnu11;
				GCC_NO_COMMON_BLOCKS = YES;
				GCC_WARN_64_TO_32_BIT_CONVERSION = YES;
				GCC_WARN_ABOUT_RETURN_TYPE = YES_ERROR;
				GCC_WARN_UNDECLARED_SELECTOR = YES;
				GCC_WARN_UNINITIALIZED_AUTOS = YES_AGGRESSIVE;
				GCC_WARN_UNUSED_FUNCTION = YES;
				GCC_WARN_UNUSED_VARIABLE = YES;
				IPHONEOS_DEPLOYMENT_TARGET = 16.2;
				MTL_ENABLE_DEBUG_INFO = NO;
				MTL_FAST_MATH = YES;
				SDKROOT = iphoneos;
				SWIFT_COMPILATION_MODE = wholemodule;
				SWIFT_OPTIMIZATION_LEVEL = "-O";
				VALIDATE_PRODUCT = YES;
			};
			name = Release;
		};
		D79006CA2B28E4E0007D0263 /* Debug */ = {
			isa = XCBuildConfiguration;
			buildSettings = {
				ASSETCATALOG_COMPILER_APPICON_NAME = AppIcon;
				ASSETCATALOG_COMPILER_GLOBAL_ACCENT_COLOR_NAME = AccentColor;
				CODE_SIGN_STYLE = Automatic;
				CURRENT_PROJECT_VERSION = 1;
				DEVELOPMENT_ASSET_PATHS = "\"MustacheShots/Preview Content\"";
				DEVELOPMENT_TEAM = H7NXK4YGF9;
				ENABLE_PREVIEWS = YES;
				GENERATE_INFOPLIST_FILE = YES;
				INFOPLIST_FILE = MustacheShots/Info.plist;
				INFOPLIST_KEY_NSCameraUsageDescription = "Camera required for preview.";
				INFOPLIST_KEY_NSMicrophoneUsageDescription = "Microphone is required.";
				INFOPLIST_KEY_NSPhotoLibraryUsageDescription = "PhotoLibrary required.";
				INFOPLIST_KEY_UIApplicationSceneManifest_Generation = YES;
				INFOPLIST_KEY_UIApplicationSupportsIndirectInputEvents = YES;
				INFOPLIST_KEY_UILaunchScreen_Generation = YES;
				INFOPLIST_KEY_UISupportedInterfaceOrientations_iPad = "UIInterfaceOrientationPortrait UIInterfaceOrientationPortraitUpsideDown UIInterfaceOrientationLandscapeLeft UIInterfaceOrientationLandscapeRight";
				INFOPLIST_KEY_UISupportedInterfaceOrientations_iPhone = "UIInterfaceOrientationPortrait UIInterfaceOrientationLandscapeLeft UIInterfaceOrientationLandscapeRight";
				LD_RUNPATH_SEARCH_PATHS = (
					"$(inherited)",
					"@executable_path/Frameworks",
				);
				MARKETING_VERSION = 1.0;
				PRODUCT_BUNDLE_IDENTIFIER = com.hc.MustacheShots;
				PRODUCT_NAME = "$(TARGET_NAME)";
				SWIFT_EMIT_LOC_STRINGS = YES;
				SWIFT_VERSION = 5.0;
				TARGETED_DEVICE_FAMILY = "1,2";
			};
			name = Debug;
		};
		D79006CB2B28E4E0007D0263 /* Release */ = {
			isa = XCBuildConfiguration;
			buildSettings = {
				ASSETCATALOG_COMPILER_APPICON_NAME = AppIcon;
				ASSETCATALOG_COMPILER_GLOBAL_ACCENT_COLOR_NAME = AccentColor;
				CODE_SIGN_STYLE = Automatic;
				CURRENT_PROJECT_VERSION = 1;
				DEVELOPMENT_ASSET_PATHS = "\"MustacheShots/Preview Content\"";
				DEVELOPMENT_TEAM = H7NXK4YGF9;
				ENABLE_PREVIEWS = YES;
				GENERATE_INFOPLIST_FILE = YES;
				INFOPLIST_FILE = MustacheShots/Info.plist;
				INFOPLIST_KEY_NSCameraUsageDescription = "Camera required for preview.";
				INFOPLIST_KEY_NSMicrophoneUsageDescription = "Microphone is required.";
				INFOPLIST_KEY_NSPhotoLibraryUsageDescription = "PhotoLibrary required.";
				INFOPLIST_KEY_UIApplicationSceneManifest_Generation = YES;
				INFOPLIST_KEY_UIApplicationSupportsIndirectInputEvents = YES;
				INFOPLIST_KEY_UILaunchScreen_Generation = YES;
				INFOPLIST_KEY_UISupportedInterfaceOrientations_iPad = "UIInterfaceOrientationPortrait UIInterfaceOrientationPortraitUpsideDown UIInterfaceOrientationLandscapeLeft UIInterfaceOrientationLandscapeRight";
				INFOPLIST_KEY_UISupportedInterfaceOrientations_iPhone = "UIInterfaceOrientationPortrait UIInterfaceOrientationLandscapeLeft UIInterfaceOrientationLandscapeRight";
				LD_RUNPATH_SEARCH_PATHS = (
					"$(inherited)",
					"@executable_path/Frameworks",
				);
				MARKETING_VERSION = 1.0;
				PRODUCT_BUNDLE_IDENTIFIER = com.hc.MustacheShots;
				PRODUCT_NAME = "$(TARGET_NAME)";
				SWIFT_EMIT_LOC_STRINGS = YES;
				SWIFT_VERSION = 5.0;
				TARGETED_DEVICE_FAMILY = "1,2";
			};
			name = Release;
		};
/* End XCBuildConfiguration section */

/* Begin XCConfigurationList section */
		D79006B12B28E4DE007D0263 /* Build configuration list for PBXProject "MustacheShots" */ = {
			isa = XCConfigurationList;
			buildConfigurations = (
				D79006C72B28E4E0007D0263 /* Debug */,
				D79006C82B28E4E0007D0263 /* Release */,
			);
			defaultConfigurationIsVisible = 0;
			defaultConfigurationName = Release;
		};
		D79006C92B28E4E0007D0263 /* Build configuration list for PBXNativeTarget "MustacheShots" */ = {
			isa = XCConfigurationList;
			buildConfigurations = (
				D79006CA2B28E4E0007D0263 /* Debug */,
				D79006CB2B28E4E0007D0263 /* Release */,
			);
			defaultConfigurationIsVisible = 0;
			defaultConfigurationName = Release;
		};
/* End XCConfigurationList section */

/* Begin XCRemoteSwiftPackageReference section */
		D79006CC2B28EAB8007D0263 /* XCRemoteSwiftPackageReference "SwiftLint" */ = {
			isa = XCRemoteSwiftPackageReference;
			repositoryURL = "https://github.com/realm/SwiftLint.git";
			requirement = {
				kind = upToNextMajorVersion;
				minimumVersion = 0.9.2;
			};
		};
/* End XCRemoteSwiftPackageReference section */

/* Begin XCVersionGroup section */
		D79006C42B28E4E0007D0263 /* MustacheShots.xcdatamodeld */ = {
			isa = XCVersionGroup;
			children = (
				D79006C52B28E4E0007D0263 /* MustacheShots.xcdatamodel */,
			);
			currentVersion = D79006C52B28E4E0007D0263 /* MustacheShots.xcdatamodel */;
			path = MustacheShots.xcdatamodeld;
			sourceTree = "<group>";
			versionGroupType = wrapper.xcdatamodel;
		};
/* End XCVersionGroup section */
	};
	rootObject = D79006AE2B28E4DE007D0263 /* Project object */;
}
